
Microsoft Visual Studio Solution File, Format Version 12.00
# Visual Studio Version 17
VisualStudioVersion = 17.13.35825.156 d17.13
MinimumVisualStudioVersion = 10.0.40219.1
Project("{FAE04EC0-301F-11D3-BF4B-00C04F79EFBC}") = "appForAccGoods", "appForAccGoods.csproj", "{93E8D0D3-E8A2-4E52-B454-4EF0EBE92DE5}"
EndProject
Global
	GlobalSection(SolutionConfigurationPlatforms) = preSolution
		Debug|Any CPU = Debug|Any CPU
		Release|Any CPU = Release|Any CPU
	EndGlobalSection
	GlobalSection(ProjectConfigurationPlatforms) = postSolution
		{93E8D0D3-E8A2-4E52-B454-4EF0EBE92DE5}.Debug|Any CPU.ActiveCfg = Debug|Any CPU
		{93E8D0D3-E8A2-4E52-B454-4EF0EBE92DE5}.Debug|Any CPU.Build.0 = Debug|Any CPU
		{93E8D0D3-E8A2-4E52-B454-4EF0EBE92DE5}.Debug|Any CPU.Deploy.0 = Debug|Any CPU
		{93E8D0D3-E8A2-4E52-B454-4EF0EBE92DE5}.Release|Any CPU.ActiveCfg = Release|Any CPU
		{93E8D0D3-E8A2-4E52-B454-4EF0EBE92DE5}.Release|Any CPU.Build.0 = Release|Any CPU
		{93E8D0D3-E8A2-4E52-B454-4EF0EBE92DE5}.Release|Any CPU.Deploy.0 = Release|Any CPU
	EndGlobalSection
	GlobalSection(SolutionProperties) = preSolution
		HideSolutionNode = FALSE
	EndGlobalSection
	GlobalSection(ExtensibilityGlobals) = postSolution
		SolutionGuid = {E4D92B03-EAAE-4EE6-9F29-B42BF3B4B8A8}
	EndGlobalSection
EndGlobal
